// !$*UTF8*$!
{
	archiveVersion = 1;
	classes = {
	};
	objectVersion = 70;
	objects = {

/* Begin PBXBuildFile section */
		47369AA32D92EF91007778E2 /* WWDCData in Frameworks */ = {isa = PBXBuildFile; productRef = 47369AA22D92EF91007778E2 /* WWDCData */; };
		47369AA52D92EF91007778E2 /* WWDCFetch in Frameworks */ = {isa = PBXBuildFile; productRef = 47369AA42D92EF91007778E2 /* WWDCFetch */; };
		47369AA72D92EF91007778E2 /* SharingGRDB in Frameworks */ = {isa = PBXBuildFile; productRef = 47369AA62D92EF91007778E2 /* SharingGRDB */; };
		47369B1F2D935119007778E2 /* .swiftlint.yml in Resources */ = {isa = PBXBuildFile; fileRef = 47369B1E2D935113007778E2 /* .swiftlint.yml */; };
		47546A4D2D91637A00B91C85 /* WWDCData in Frameworks */ = {isa = PBXBuildFile; productRef = 47546A4C2D91637A00B91C85 /* WWDCData */; };
		47546A4F2D91637A00B91C85 /* WWDCFetch in Frameworks */ = {isa = PBXBuildFile; productRef = 47546A4E2D91637A00B91C85 /* WWDCFetch */; };
/* End PBXBuildFile section */

/* Begin PBXFileReference section */
		3D538E442A2F7EDA006BF064 /* WWDC - TLDW */ = {isa = PBXFileReference; lastKnownFileType = wrapper; path = "WWDC - TLDW"; sourceTree = "<group>"; };
		47369A912D92EF72007778E2 /* WWD See.app */ = {isa = PBXFileReference; explicitFileType = wrapper.application; includeInIndex = 0; path = "WWD See.app"; sourceTree = BUILT_PRODUCTS_DIR; };
		47369B1E2D935113007778E2 /* .swiftlint.yml */ = {isa = PBXFileReference; lastKnownFileType = text.yaml; path = .swiftlint.yml; sourceTree = "<group>"; };
		47546A192D915F4000B91C85 /* WWDC Loader.app */ = {isa = PBXFileReference; explicitFileType = wrapper.application; includeInIndex = 0; path = "WWDC Loader.app"; sourceTree = BUILT_PRODUCTS_DIR; };
/* End PBXFileReference section */

/* Begin PBXFileSystemSynchronizedRootGroup section */
		47369A922D92EF72007778E2 /* WWD See */ = {isa = PBXFileSystemSynchronizedRootGroup; explicitFileTypes = {}; explicitFolders = (); path = "WWD See"; sourceTree = "<group>"; };
		47546A1A2D915F4000B91C85 /* WWDC Loader */ = {isa = PBXFileSystemSynchronizedRootGroup; explicitFileTypes = {}; explicitFolders = (); path = "WWDC Loader"; sourceTree = "<group>"; };
/* End PBXFileSystemSynchronizedRootGroup section */

/* Begin PBXFrameworksBuildPhase section */
		47369A8E2D92EF72007778E2 /* Frameworks */ = {
			isa = PBXFrameworksBuildPhase;
			buildActionMask = 2147483647;
			files = (
				47369AA52D92EF91007778E2 /* WWDCFetch in Frameworks */,
				47369AA72D92EF91007778E2 /* SharingGRDB in Frameworks */,
				47369AA32D92EF91007778E2 /* WWDCData in Frameworks */,
			);
			runOnlyForDeploymentPostprocessing = 0;
		};
		47546A162D915F4000B91C85 /* Frameworks */ = {
			isa = PBXFrameworksBuildPhase;
			buildActionMask = 2147483647;
			files = (
				47546A4F2D91637A00B91C85 /* WWDCFetch in Frameworks */,
				47546A4D2D91637A00B91C85 /* WWDCData in Frameworks */,
			);
			runOnlyForDeploymentPostprocessing = 0;
		};
/* End PBXFrameworksBuildPhase section */

/* Begin PBXGroup section */
		3D1556602A2F5FE400FA966E /* Frameworks */ = {
			isa = PBXGroup;
			children = (
			);
			name = Frameworks;
			sourceTree = "<group>";
		};
		3DBD88F22A2F563F003BEAAA = {
			isa = PBXGroup;
			children = (
				47369B1E2D935113007778E2 /* .swiftlint.yml */,
				3D538E442A2F7EDA006BF064 /* WWDC - TLDW */,
				47546A1A2D915F4000B91C85 /* WWDC Loader */,
				47369A922D92EF72007778E2 /* WWD See */,
				3DBD88FC2A2F563F003BEAAA /* Products */,
				3D1556602A2F5FE400FA966E /* Frameworks */,
			);
			sourceTree = "<group>";
		};
		3DBD88FC2A2F563F003BEAAA /* Products */ = {
			isa = PBXGroup;
			children = (
				47546A192D915F4000B91C85 /* WWDC Loader.app */,
				47369A912D92EF72007778E2 /* WWD See.app */,
			);
			name = Products;
			sourceTree = "<group>";
		};
/* End PBXGroup section */

/* Begin PBXNativeTarget section */
		47369A902D92EF72007778E2 /* WWD See */ = {
			isa = PBXNativeTarget;
			buildConfigurationList = 47369A9D2D92EF73007778E2 /* Build configuration list for PBXNativeTarget "WWD See" */;
			buildPhases = (
				47369A8D2D92EF72007778E2 /* Sources */,
				47369A8E2D92EF72007778E2 /* Frameworks */,
				47369A8F2D92EF72007778E2 /* Resources */,
			);
			buildRules = (
			);
			dependencies = (
				47369AA12D92EF85007778E2 /* PBXTargetDependency */,
			);
			fileSystemSynchronizedGroups = (
				47369A922D92EF72007778E2 /* WWD See */,
			);
			name = "WWD See";
			packageProductDependencies = (
				47369AA22D92EF91007778E2 /* WWDCData */,
				47369AA42D92EF91007778E2 /* WWDCFetch */,
				47369AA62D92EF91007778E2 /* SharingGRDB */,
			);
			productName = "WWD See";
			productReference = 47369A912D92EF72007778E2 /* WWD See.app */;
			productType = "com.apple.product-type.application";
		};
		47546A182D915F4000B91C85 /* WWDC Loader */ = {
			isa = PBXNativeTarget;
			buildConfigurationList = 47546A252D915F4100B91C85 /* Build configuration list for PBXNativeTarget "WWDC Loader" */;
			buildPhases = (
				47546A152D915F4000B91C85 /* Sources */,
				47546A162D915F4000B91C85 /* Frameworks */,
				47546A172D915F4000B91C85 /* Resources */,
			);
			buildRules = (
			);
			dependencies = (
				47369A8C2D92EEB3007778E2 /* PBXTargetDependency */,
			);
			fileSystemSynchronizedGroups = (
				47546A1A2D915F4000B91C85 /* WWDC Loader */,
			);
			name = "WWDC Loader";
			packageProductDependencies = (
				47546A4C2D91637A00B91C85 /* WWDCData */,
				47546A4E2D91637A00B91C85 /* WWDCFetch */,
			);
			productName = "WWDC Loader";
			productReference = 47546A192D915F4000B91C85 /* WWDC Loader.app */;
			productType = "com.apple.product-type.application";
		};
/* End PBXNativeTarget section */

/* Begin PBXProject section */
		3DBD88F32A2F563F003BEAAA /* Project object */ = {
			isa = PBXProject;
			attributes = {
				BuildIndependentTargetsInParallel = 1;
				LastSwiftUpdateCheck = 1620;
				LastUpgradeCheck = 1620;
				TargetAttributes = {
					47369A902D92EF72007778E2 = {
						CreatedOnToolsVersion = 16.2;
					};
					47546A182D915F4000B91C85 = {
						CreatedOnToolsVersion = 16.2;
					};
				};
			};
			buildConfigurationList = 3DBD88F62A2F563F003BEAAA /* Build configuration list for PBXProject "WWD See" */;
			compatibilityVersion = "Xcode 14.0";
			developmentRegion = en;
			hasScannedForEncodings = 0;
			knownRegions = (
				en,
				Base,
			);
			mainGroup = 3DBD88F22A2F563F003BEAAA;
			packageReferences = (
				475469DD2D915B8A00B91C85 /* XCRemoteSwiftPackageReference "SwiftLintPlugins" */,
				473682212D92D447007778E2 /* XCRemoteSwiftPackageReference "sharing-grdb" */,
			);
			productRefGroup = 3DBD88FC2A2F563F003BEAAA /* Products */;
			projectDirPath = "";
			projectRoot = "";
			targets = (
				47546A182D915F4000B91C85 /* WWDC Loader */,
				47369A902D92EF72007778E2 /* WWD See */,
			);
		};
/* End PBXProject section */

/* Begin PBXResourcesBuildPhase section */
		47369A8F2D92EF72007778E2 /* Resources */ = {
			isa = PBXResourcesBuildPhase;
			buildActionMask = 2147483647;
			files = (
				47369B1F2D935119007778E2 /* .swiftlint.yml in Resources */,
			);
			runOnlyForDeploymentPostprocessing = 0;
		};
		47546A172D915F4000B91C85 /* Resources */ = {
			isa = PBXResourcesBuildPhase;
			buildActionMask = 2147483647;
			files = (
			);
			runOnlyForDeploymentPostprocessing = 0;
		};
/* End PBXResourcesBuildPhase section */

/* Begin PBXSourcesBuildPhase section */
		47369A8D2D92EF72007778E2 /* Sources */ = {
			isa = PBXSourcesBuildPhase;
			buildActionMask = 2147483647;
			files = (
			);
			runOnlyForDeploymentPostprocessing = 0;
		};
		47546A152D915F4000B91C85 /* Sources */ = {
			isa = PBXSourcesBuildPhase;
			buildActionMask = 2147483647;
			files = (
			);
			runOnlyForDeploymentPostprocessing = 0;
		};
/* End PBXSourcesBuildPhase section */

/* Begin PBXTargetDependency section */
		47369A8C2D92EEB3007778E2 /* PBXTargetDependency */ = {
			isa = PBXTargetDependency;
			productRef = 47369A8B2D92EEB3007778E2 /* SwiftLintBuildToolPlugin */;
		};
		47369AA12D92EF85007778E2 /* PBXTargetDependency */ = {
			isa = PBXTargetDependency;
			productRef = 47369AA02D92EF85007778E2 /* SwiftLintBuildToolPlugin */;
		};
/* End PBXTargetDependency section */

/* Begin XCBuildConfiguration section */
		3DBD890B2A2F5640003BEAAA /* Debug */ = {
			isa = XCBuildConfiguration;
			buildSettings = {
				ALWAYS_SEARCH_USER_PATHS = NO;
				ASSETCATALOG_COMPILER_GENERATE_SWIFT_ASSET_SYMBOL_EXTENSIONS = YES;
				CLANG_ANALYZER_NONNULL = YES;
				CLANG_ANALYZER_NUMBER_OBJECT_CONVERSION = YES_AGGRESSIVE;
				CLANG_CXX_LANGUAGE_STANDARD = "gnu++20";
				CLANG_ENABLE_MODULES = YES;
				CLANG_ENABLE_OBJC_ARC = YES;
				CLANG_ENABLE_OBJC_WEAK = YES;
				CLANG_WARN_BLOCK_CAPTURE_AUTORELEASING = YES;
				CLANG_WARN_BOOL_CONVERSION = YES;
				CLANG_WARN_COMMA = YES;
				CLANG_WARN_CONSTANT_CONVERSION = YES;
				CLANG_WARN_DEPRECATED_OBJC_IMPLEMENTATIONS = YES;
				CLANG_WARN_DIRECT_OBJC_ISA_USAGE = YES_ERROR;
				CLANG_WARN_DOCUMENTATION_COMMENTS = YES;
				CLANG_WARN_EMPTY_BODY = YES;
				CLANG_WARN_ENUM_CONVERSION = YES;
				CLANG_WARN_INFINITE_RECURSION = YES;
				CLANG_WARN_INT_CONVERSION = YES;
				CLANG_WARN_NON_LITERAL_NULL_CONVERSION = YES;
				CLANG_WARN_OBJC_IMPLICIT_RETAIN_SELF = YES;
				CLANG_WARN_OBJC_LITERAL_CONVERSION = YES;
				CLANG_WARN_OBJC_ROOT_CLASS = YES_ERROR;
				CLANG_WARN_QUOTED_INCLUDE_IN_FRAMEWORK_HEADER = YES;
				CLANG_WARN_RANGE_LOOP_ANALYSIS = YES;
				CLANG_WARN_STRICT_PROTOTYPES = YES;
				CLANG_WARN_SUSPICIOUS_MOVE = YES;
				CLANG_WARN_UNGUARDED_AVAILABILITY = YES_AGGRESSIVE;
				CLANG_WARN_UNREACHABLE_CODE = YES;
				CLANG_WARN__DUPLICATE_METHOD_MATCH = YES;
				COPY_PHASE_STRIP = NO;
				DEAD_CODE_STRIPPING = YES;
				DEBUG_INFORMATION_FORMAT = dwarf;
				ENABLE_STRICT_OBJC_MSGSEND = YES;
				ENABLE_TESTABILITY = YES;
				ENABLE_USER_SCRIPT_SANDBOXING = YES;
				GCC_C_LANGUAGE_STANDARD = gnu17;
				GCC_DYNAMIC_NO_PIC = NO;
				GCC_NO_COMMON_BLOCKS = YES;
				GCC_OPTIMIZATION_LEVEL = 0;
				GCC_PREPROCESSOR_DEFINITIONS = (
					"DEBUG=1",
					"$(inherited)",
				);
				GCC_WARN_64_TO_32_BIT_CONVERSION = YES;
				GCC_WARN_ABOUT_RETURN_TYPE = YES_ERROR;
				GCC_WARN_UNDECLARED_SELECTOR = YES;
				GCC_WARN_UNINITIALIZED_AUTOS = YES_AGGRESSIVE;
				GCC_WARN_UNUSED_FUNCTION = YES;
				GCC_WARN_UNUSED_VARIABLE = YES;
				LOCALIZATION_PREFERS_STRING_CATALOGS = YES;
				MTL_ENABLE_DEBUG_INFO = INCLUDE_SOURCE;
				MTL_FAST_MATH = YES;
				ONLY_ACTIVE_ARCH = YES;
				SWIFT_ACTIVE_COMPILATION_CONDITIONS = "DEBUG $(inherited)";
				SWIFT_EMIT_LOC_STRINGS = YES;
				SWIFT_OPTIMIZATION_LEVEL = "-Onone";
			};
			name = Debug;
		};
		3DBD890C2A2F5640003BEAAA /* Release */ = {
			isa = XCBuildConfiguration;
			buildSettings = {
				ALWAYS_SEARCH_USER_PATHS = NO;
				ASSETCATALOG_COMPILER_GENERATE_SWIFT_ASSET_SYMBOL_EXTENSIONS = YES;
				CLANG_ANALYZER_NONNULL = YES;
				CLANG_ANALYZER_NUMBER_OBJECT_CONVERSION = YES_AGGRESSIVE;
				CLANG_CXX_LANGUAGE_STANDARD = "gnu++20";
				CLANG_ENABLE_MODULES = YES;
				CLANG_ENABLE_OBJC_ARC = YES;
				CLANG_ENABLE_OBJC_WEAK = YES;
				CLANG_WARN_BLOCK_CAPTURE_AUTORELEASING = YES;
				CLANG_WARN_BOOL_CONVERSION = YES;
				CLANG_WARN_COMMA = YES;
				CLANG_WARN_CONSTANT_CONVERSION = YES;
				CLANG_WARN_DEPRECATED_OBJC_IMPLEMENTATIONS = YES;
				CLANG_WARN_DIRECT_OBJC_ISA_USAGE = YES_ERROR;
				CLANG_WARN_DOCUMENTATION_COMMENTS = YES;
				CLANG_WARN_EMPTY_BODY = YES;
				CLANG_WARN_ENUM_CONVERSION = YES;
				CLANG_WARN_INFINITE_RECURSION = YES;
				CLANG_WARN_INT_CONVERSION = YES;
				CLANG_WARN_NON_LITERAL_NULL_CONVERSION = YES;
				CLANG_WARN_OBJC_IMPLICIT_RETAIN_SELF = YES;
				CLANG_WARN_OBJC_LITERAL_CONVERSION = YES;
				CLANG_WARN_OBJC_ROOT_CLASS = YES_ERROR;
				CLANG_WARN_QUOTED_INCLUDE_IN_FRAMEWORK_HEADER = YES;
				CLANG_WARN_RANGE_LOOP_ANALYSIS = YES;
				CLANG_WARN_STRICT_PROTOTYPES = YES;
				CLANG_WARN_SUSPICIOUS_MOVE = YES;
				CLANG_WARN_UNGUARDED_AVAILABILITY = YES_AGGRESSIVE;
				CLANG_WARN_UNREACHABLE_CODE = YES;
				CLANG_WARN__DUPLICATE_METHOD_MATCH = YES;
				COPY_PHASE_STRIP = NO;
				DEAD_CODE_STRIPPING = YES;
				DEBUG_INFORMATION_FORMAT = "dwarf-with-dsym";
				ENABLE_NS_ASSERTIONS = NO;
				ENABLE_STRICT_OBJC_MSGSEND = YES;
				ENABLE_USER_SCRIPT_SANDBOXING = YES;
				GCC_C_LANGUAGE_STANDARD = gnu17;
				GCC_NO_COMMON_BLOCKS = YES;
				GCC_WARN_64_TO_32_BIT_CONVERSION = YES;
				GCC_WARN_ABOUT_RETURN_TYPE = YES_ERROR;
				GCC_WARN_UNDECLARED_SELECTOR = YES;
				GCC_WARN_UNINITIALIZED_AUTOS = YES_AGGRESSIVE;
				GCC_WARN_UNUSED_FUNCTION = YES;
				GCC_WARN_UNUSED_VARIABLE = YES;
				LOCALIZATION_PREFERS_STRING_CATALOGS = YES;
				MTL_ENABLE_DEBUG_INFO = NO;
				MTL_FAST_MATH = YES;
				SWIFT_COMPILATION_MODE = wholemodule;
				SWIFT_EMIT_LOC_STRINGS = YES;
			};
			name = Release;
		};
		47369A9E2D92EF73007778E2 /* Debug */ = {
			isa = XCBuildConfiguration;
			buildSettings = {
				ASSETCATALOG_COMPILER_APPICON_NAME = AppIcon;
				ASSETCATALOG_COMPILER_GLOBAL_ACCENT_COLOR_NAME = AccentColor;
				CODE_SIGN_ENTITLEMENTS = "WWD See/Content/WWDSee.entitlements";
				CODE_SIGN_STYLE = Automatic;
				COMBINE_HIDPI_IMAGES = YES;
				CURRENT_PROJECT_VERSION = 1;
				DEAD_CODE_STRIPPING = YES;
				DEVELOPMENT_ASSET_PATHS = "\"WWD See/Preview Content\"";
				DEVELOPMENT_TEAM = 8NQ6VJNLCQ;
				ENABLE_HARDENED_RUNTIME = YES;
				ENABLE_PREVIEWS = YES;
				GENERATE_INFOPLIST_FILE = YES;
				INFOPLIST_KEY_NSHumanReadableCopyright = "";
				LD_RUNPATH_SEARCH_PATHS = (
					"$(inherited)",
					"@executable_path/../Frameworks",
				);
				MACOSX_DEPLOYMENT_TARGET = 15.2;
				MARKETING_VERSION = 1.0;
				PRODUCT_BUNDLE_IDENTIFIER = "com.atelierclockwork.WWD-See";
				PRODUCT_NAME = "$(TARGET_NAME)";
				SDKROOT = macosx;
				SUPPORTED_PLATFORMS = "iphoneos iphonesimulator macosx";
				SUPPORTS_MACCATALYST = NO;
				SWIFT_EMIT_LOC_STRINGS = YES;
				SWIFT_VERSION = 5.0;
				TARGETED_DEVICE_FAMILY = "1,2";
			};
			name = Debug;
		};
		47369A9F2D92EF73007778E2 /* Release */ = {
			isa = XCBuildConfiguration;
			buildSettings = {
				ASSETCATALOG_COMPILER_APPICON_NAME = AppIcon;
				ASSETCATALOG_COMPILER_GLOBAL_ACCENT_COLOR_NAME = AccentColor;
				CODE_SIGN_ENTITLEMENTS = "WWD See/Content/WWDSee.entitlements";
				CODE_SIGN_STYLE = Automatic;
				COMBINE_HIDPI_IMAGES = YES;
				CURRENT_PROJECT_VERSION = 1;
				DEAD_CODE_STRIPPING = YES;
				DEVELOPMENT_ASSET_PATHS = "\"WWD See/Preview Content\"";
				DEVELOPMENT_TEAM = 8NQ6VJNLCQ;
				ENABLE_HARDENED_RUNTIME = YES;
				ENABLE_PREVIEWS = YES;
				GENERATE_INFOPLIST_FILE = YES;
				INFOPLIST_KEY_NSHumanReadableCopyright = "";
				LD_RUNPATH_SEARCH_PATHS = (
					"$(inherited)",
					"@executable_path/../Frameworks",
				);
				MACOSX_DEPLOYMENT_TARGET = 15.2;
				MARKETING_VERSION = 1.0;
				PRODUCT_BUNDLE_IDENTIFIER = "com.atelierclockwork.WWD-See";
				PRODUCT_NAME = "$(TARGET_NAME)";
				SDKROOT = macosx;
				SUPPORTED_PLATFORMS = "iphoneos iphonesimulator macosx";
				SUPPORTS_MACCATALYST = NO;
				SWIFT_EMIT_LOC_STRINGS = YES;
				SWIFT_VERSION = 5.0;
				TARGETED_DEVICE_FAMILY = "1,2";
			};
			name = Release;
		};
		47546A262D915F4100B91C85 /* Debug */ = {
			isa = XCBuildConfiguration;
			buildSettings = {
				ASSETCATALOG_COMPILER_APPICON_NAME = AppIcon;
				ASSETCATALOG_COMPILER_GLOBAL_ACCENT_COLOR_NAME = AccentColor;
				CODE_SIGN_ENTITLEMENTS = "WWDC Loader/Content/WWDC_Loader.entitlements";
				CODE_SIGN_STYLE = Automatic;
				COMBINE_HIDPI_IMAGES = YES;
				CURRENT_PROJECT_VERSION = 1;
				DEAD_CODE_STRIPPING = YES;
				DEVELOPMENT_ASSET_PATHS = "\"WWDC Loader/Preview Content\"";
				DEVELOPMENT_TEAM = 8NQ6VJNLCQ;
				ENABLE_HARDENED_RUNTIME = YES;
				ENABLE_PREVIEWS = YES;
				GENERATE_INFOPLIST_FILE = YES;
				INFOPLIST_KEY_NSHumanReadableCopyright = "";
				LD_RUNPATH_SEARCH_PATHS = (
					"$(inherited)",
					"@executable_path/../Frameworks",
				);
				MACOSX_DEPLOYMENT_TARGET = 15.2;
				MARKETING_VERSION = 1.0;
				PRODUCT_BUNDLE_IDENTIFIER = "com.atelierclockwork.WWDC-Loader";
				PRODUCT_NAME = "$(TARGET_NAME)";
				SDKROOT = macosx;
				SWIFT_EMIT_LOC_STRINGS = YES;
				SWIFT_VERSION = 5.0;
			};
			name = Debug;
		};
		47546A272D915F4100B91C85 /* Release */ = {
			isa = XCBuildConfiguration;
			buildSettings = {
				ASSETCATALOG_COMPILER_APPICON_NAME = AppIcon;
				ASSETCATALOG_COMPILER_GLOBAL_ACCENT_COLOR_NAME = AccentColor;
				CODE_SIGN_ENTITLEMENTS = "WWDC Loader/Content/WWDC_Loader.entitlements";
				CODE_SIGN_STYLE = Automatic;
				COMBINE_HIDPI_IMAGES = YES;
				CURRENT_PROJECT_VERSION = 1;
				DEAD_CODE_STRIPPING = YES;
				DEVELOPMENT_ASSET_PATHS = "\"WWDC Loader/Preview Content\"";
				DEVELOPMENT_TEAM = 8NQ6VJNLCQ;
				ENABLE_HARDENED_RUNTIME = YES;
				ENABLE_PREVIEWS = YES;
				GENERATE_INFOPLIST_FILE = YES;
				INFOPLIST_KEY_NSHumanReadableCopyright = "";
				LD_RUNPATH_SEARCH_PATHS = (
					"$(inherited)",
					"@executable_path/../Frameworks",
				);
				MACOSX_DEPLOYMENT_TARGET = 15.2;
				MARKETING_VERSION = 1.0;
				PRODUCT_BUNDLE_IDENTIFIER = "com.atelierclockwork.WWDC-Loader";
				PRODUCT_NAME = "$(TARGET_NAME)";
				SDKROOT = macosx;
				SWIFT_EMIT_LOC_STRINGS = YES;
				SWIFT_VERSION = 5.0;
			};
			name = Release;
		};
/* End XCBuildConfiguration section */

/* Begin XCConfigurationList section */
		3DBD88F62A2F563F003BEAAA /* Build configuration list for PBXProject "WWD See" */ = {
			isa = XCConfigurationList;
			buildConfigurations = (
				3DBD890B2A2F5640003BEAAA /* Debug */,
				3DBD890C2A2F5640003BEAAA /* Release */,
			);
			defaultConfigurationIsVisible = 0;
			defaultConfigurationName = Release;
		};
		47369A9D2D92EF73007778E2 /* Build configuration list for PBXNativeTarget "WWD See" */ = {
			isa = XCConfigurationList;
			buildConfigurations = (
				47369A9E2D92EF73007778E2 /* Debug */,
				47369A9F2D92EF73007778E2 /* Release */,
			);
			defaultConfigurationIsVisible = 0;
			defaultConfigurationName = Release;
		};
		47546A252D915F4100B91C85 /* Build configuration list for PBXNativeTarget "WWDC Loader" */ = {
			isa = XCConfigurationList;
			buildConfigurations = (
				47546A262D915F4100B91C85 /* Debug */,
				47546A272D915F4100B91C85 /* Release */,
			);
			defaultConfigurationIsVisible = 0;
			defaultConfigurationName = Release;
		};
/* End XCConfigurationList section */

/* Begin XCRemoteSwiftPackageReference section */
		473682212D92D447007778E2 /* XCRemoteSwiftPackageReference "sharing-grdb" */ = {
			isa = XCRemoteSwiftPackageReference;
			repositoryURL = "git@github.com:pointfreeco/sharing-grdb.git";
			requirement = {
				kind = upToNextMajorVersion;
				minimumVersion = 0.1.1;
			};
		};
		475469DD2D915B8A00B91C85 /* XCRemoteSwiftPackageReference "SwiftLintPlugins" */ = {
			isa = XCRemoteSwiftPackageReference;
			repositoryURL = "git@github.com:SimplyDanny/SwiftLintPlugins.git";
			requirement = {
				kind = upToNextMajorVersion;
				minimumVersion = 0.58.2;
			};
		};
/* End XCRemoteSwiftPackageReference section */

/* Begin XCSwiftPackageProductDependency section */
		47369A8B2D92EEB3007778E2 /* SwiftLintBuildToolPlugin */ = {
			isa = XCSwiftPackageProductDependency;
			package = 475469DD2D915B8A00B91C85 /* XCRemoteSwiftPackageReference "SwiftLintPlugins" */;
			productName = "plugin:SwiftLintBuildToolPlugin";
		};
		47369AA02D92EF85007778E2 /* SwiftLintBuildToolPlugin */ = {
			isa = XCSwiftPackageProductDependency;
			package = 475469DD2D915B8A00B91C85 /* XCRemoteSwiftPackageReference "SwiftLintPlugins" */;
			productName = "plugin:SwiftLintBuildToolPlugin";
		};
		47369AA22D92EF91007778E2 /* WWDCData */ = {
			isa = XCSwiftPackageProductDependency;
			productName = WWDCData;
		};
		47369AA42D92EF91007778E2 /* WWDCFetch */ = {
			isa = XCSwiftPackageProductDependency;
			productName = WWDCFetch;
		};
		47369AA62D92EF91007778E2 /* SharingGRDB */ = {
			isa = XCSwiftPackageProductDependency;
			package = 473682212D92D447007778E2 /* XCRemoteSwiftPackageReference "sharing-grdb" */;
			productName = SharingGRDB;
		};
		47546A4C2D91637A00B91C85 /* WWDCData */ = {
			isa = XCSwiftPackageProductDependency;
			productName = WWDCData;
		};
		47546A4E2D91637A00B91C85 /* WWDCFetch */ = {
			isa = XCSwiftPackageProductDependency;
			productName = WWDCFetch;
		};
/* End XCSwiftPackageProductDependency section */
	};
	rootObject = 3DBD88F32A2F563F003BEAAA /* Project object */;
}
