// !$*UTF8*$!
{
	archiveVersion = 1;
	classes = {
	};
	objectVersion = 56;
	objects = {

/* Begin PBXBuildFile section */
		3D1556642A2F64F500FA966E /* Video.swift in Sources */ = {isa = PBXBuildFile; fileRef = 3D1556632A2F64F500FA966E /* Video.swift */; };
		3D538E372A2F7408006BF064 /* CategoryView.swift in Sources */ = {isa = PBXBuildFile; fileRef = 3D538E362A2F7408006BF064 /* CategoryView.swift */; };
		3D538E3C2A2F7CBF006BF064 /* Category+Import.swift in Sources */ = {isa = PBXBuildFile; fileRef = 3D538E3B2A2F7CBF006BF064 /* Category+Import.swift */; };
		3D538E3F2A2F7D4A006BF064 /* VideoView.swift in Sources */ = {isa = PBXBuildFile; fileRef = 3D538E3E2A2F7D4A006BF064 /* VideoView.swift */; };
		3DBD88FF2A2F563F003BEAAA /* WWDSeeApp.swift in Sources */ = {isa = PBXBuildFile; fileRef = 3DBD88FE2A2F563F003BEAAA /* WWDSeeApp.swift */; };
		3DBD89012A2F563F003BEAAA /* Category.swift in Sources */ = {isa = PBXBuildFile; fileRef = 3DBD89002A2F563F003BEAAA /* Category.swift */; };
		3DBD89032A2F563F003BEAAA /* RootView.swift in Sources */ = {isa = PBXBuildFile; fileRef = 3DBD89022A2F563F003BEAAA /* RootView.swift */; };
		3DBD89052A2F5640003BEAAA /* Assets.xcassets in Resources */ = {isa = PBXBuildFile; fileRef = 3DBD89042A2F5640003BEAAA /* Assets.xcassets */; };
		3DBD89092A2F5640003BEAAA /* Preview Assets.xcassets in Resources */ = {isa = PBXBuildFile; fileRef = 3DBD89082A2F5640003BEAAA /* Preview Assets.xcassets */; };
/* End PBXBuildFile section */

/* Begin PBXFileReference section */
		3D1556632A2F64F500FA966E /* Video.swift */ = {isa = PBXFileReference; lastKnownFileType = sourcecode.swift; path = Video.swift; sourceTree = "<group>"; };
		3D538E362A2F7408006BF064 /* CategoryView.swift */ = {isa = PBXFileReference; lastKnownFileType = sourcecode.swift; path = CategoryView.swift; sourceTree = "<group>"; };
		3D538E3B2A2F7CBF006BF064 /* Category+Import.swift */ = {isa = PBXFileReference; lastKnownFileType = sourcecode.swift; path = "Category+Import.swift"; sourceTree = "<group>"; };
		3D538E3E2A2F7D4A006BF064 /* VideoView.swift */ = {isa = PBXFileReference; lastKnownFileType = sourcecode.swift; path = VideoView.swift; sourceTree = "<group>"; };
		3D538E442A2F7EDA006BF064 /* WWDC - TLDW */ = {isa = PBXFileReference; lastKnownFileType = wrapper; path = "WWDC - TLDW"; sourceTree = "<group>"; };
		3DBD88FB2A2F563F003BEAAA /* WWD See.app */ = {isa = PBXFileReference; explicitFileType = wrapper.application; includeInIndex = 0; path = "WWD See.app"; sourceTree = BUILT_PRODUCTS_DIR; };
		3DBD88FE2A2F563F003BEAAA /* WWDSeeApp.swift */ = {isa = PBXFileReference; lastKnownFileType = sourcecode.swift; path = WWDSeeApp.swift; sourceTree = "<group>"; };
		3DBD89002A2F563F003BEAAA /* Category.swift */ = {isa = PBXFileReference; lastKnownFileType = sourcecode.swift; path = Category.swift; sourceTree = "<group>"; };
		3DBD89022A2F563F003BEAAA /* RootView.swift */ = {isa = PBXFileReference; lastKnownFileType = sourcecode.swift; path = RootView.swift; sourceTree = "<group>"; };
		3DBD89042A2F5640003BEAAA /* Assets.xcassets */ = {isa = PBXFileReference; lastKnownFileType = folder.assetcatalog; path = Assets.xcassets; sourceTree = "<group>"; };
		3DBD89062A2F5640003BEAAA /* WWD_See.entitlements */ = {isa = PBXFileReference; lastKnownFileType = text.plist.entitlements; path = WWD_See.entitlements; sourceTree = "<group>"; };
		3DBD89082A2F5640003BEAAA /* Preview Assets.xcassets */ = {isa = PBXFileReference; lastKnownFileType = folder.assetcatalog; path = "Preview Assets.xcassets"; sourceTree = "<group>"; };
		3DBD890A2A2F5640003BEAAA /* Info.plist */ = {isa = PBXFileReference; lastKnownFileType = text.plist.xml; path = Info.plist; sourceTree = "<group>"; };
/* End PBXFileReference section */

/* Begin PBXFrameworksBuildPhase section */
		3DBD88F82A2F563F003BEAAA /* Frameworks */ = {
			isa = PBXFrameworksBuildPhase;
			buildActionMask = 2147483647;
			files = (
			);
			runOnlyForDeploymentPostprocessing = 0;
		};
/* End PBXFrameworksBuildPhase section */

/* Begin PBXGroup section */
		3D1556602A2F5FE400FA966E /* Frameworks */ = {
			isa = PBXGroup;
			children = (
			);
			name = Frameworks;
			sourceTree = "<group>";
		};
		3D538E352A2F73FA006BF064 /* Category */ = {
			isa = PBXGroup;
			children = (
				3D538E362A2F7408006BF064 /* CategoryView.swift */,
			);
			path = Category;
			sourceTree = "<group>";
		};
		3D538E3D2A2F7D2D006BF064 /* Video */ = {
			isa = PBXGroup;
			children = (
				3D538E3E2A2F7D4A006BF064 /* VideoView.swift */,
			);
			path = Video;
			sourceTree = "<group>";
		};
		3DBD88F22A2F563F003BEAAA = {
			isa = PBXGroup;
			children = (
				3D538E442A2F7EDA006BF064 /* WWDC - TLDW */,
				3DBD88FD2A2F563F003BEAAA /* WWD See */,
				3DBD88FC2A2F563F003BEAAA /* Products */,
				3D1556602A2F5FE400FA966E /* Frameworks */,
			);
			sourceTree = "<group>";
		};
		3DBD88FC2A2F563F003BEAAA /* Products */ = {
			isa = PBXGroup;
			children = (
				3DBD88FB2A2F563F003BEAAA /* WWD See.app */,
			);
			name = Products;
			sourceTree = "<group>";
		};
		3DBD88FD2A2F563F003BEAAA /* WWD See */ = {
			isa = PBXGroup;
			children = (
				3D538E352A2F73FA006BF064 /* Category */,
				3DBD89122A2F5A3A003BEAAA /* Content */,
				3DBD89112A2F58CE003BEAAA /* Model */,
				3DBD89072A2F5640003BEAAA /* Preview Content */,
				3DBD89132A2F5B74003BEAAA /* Root */,
				3D538E3D2A2F7D2D006BF064 /* Video */,
				3DBD88FE2A2F563F003BEAAA /* WWDSeeApp.swift */,
			);
			path = "WWD See";
			sourceTree = "<group>";
		};
		3DBD89072A2F5640003BEAAA /* Preview Content */ = {
			isa = PBXGroup;
			children = (
				3DBD89082A2F5640003BEAAA /* Preview Assets.xcassets */,
			);
			path = "Preview Content";
			sourceTree = "<group>";
		};
		3DBD89112A2F58CE003BEAAA /* Model */ = {
			isa = PBXGroup;
			children = (
				3DBD89002A2F563F003BEAAA /* Category.swift */,
				3D1556632A2F64F500FA966E /* Video.swift */,
				3D538E3B2A2F7CBF006BF064 /* Category+Import.swift */,
			);
			path = Model;
			sourceTree = "<group>";
		};
		3DBD89122A2F5A3A003BEAAA /* Content */ = {
			isa = PBXGroup;
			children = (
				3DBD89042A2F5640003BEAAA /* Assets.xcassets */,
				3DBD89062A2F5640003BEAAA /* WWD_See.entitlements */,
				3DBD890A2A2F5640003BEAAA /* Info.plist */,
			);
			path = Content;
			sourceTree = "<group>";
		};
		3DBD89132A2F5B74003BEAAA /* Root */ = {
			isa = PBXGroup;
			children = (
				3DBD89022A2F563F003BEAAA /* RootView.swift */,
			);
			path = Root;
			sourceTree = "<group>";
		};
/* End PBXGroup section */

/* Begin PBXNativeTarget section */
		3DBD88FA2A2F563F003BEAAA /* WWD See */ = {
			isa = PBXNativeTarget;
			buildConfigurationList = 3DBD890D2A2F5640003BEAAA /* Build configuration list for PBXNativeTarget "WWD See" */;
			buildPhases = (
				3DBD88F72A2F563F003BEAAA /* Sources */,
				3DBD88F82A2F563F003BEAAA /* Frameworks */,
				3DBD88F92A2F563F003BEAAA /* Resources */,
			);
			buildRules = (
			);
			dependencies = (
				3D538E3A2A2F779D006BF064 /* PBXTargetDependency */,
			);
			name = "WWD See";
			packageProductDependencies = (
			);
			productName = "WWD See";
			productReference = 3DBD88FB2A2F563F003BEAAA /* WWD See.app */;
			productType = "com.apple.product-type.application";
		};
/* End PBXNativeTarget section */

/* Begin PBXProject section */
		3DBD88F32A2F563F003BEAAA /* Project object */ = {
			isa = PBXProject;
			attributes = {
				BuildIndependentTargetsInParallel = 1;
				LastSwiftUpdateCheck = 1500;
				LastUpgradeCheck = 1500;
				TargetAttributes = {
					3DBD88FA2A2F563F003BEAAA = {
						CreatedOnToolsVersion = 15.0;
					};
				};
			};
			buildConfigurationList = 3DBD88F62A2F563F003BEAAA /* Build configuration list for PBXProject "WWD See" */;
			compatibilityVersion = "Xcode 14.0";
			developmentRegion = en;
			hasScannedForEncodings = 0;
			knownRegions = (
				en,
				Base,
			);
			mainGroup = 3DBD88F22A2F563F003BEAAA;
			packageReferences = (
				3D538E382A2F778B006BF064 /* XCRemoteSwiftPackageReference "SwiftLint" */,
			);
			productRefGroup = 3DBD88FC2A2F563F003BEAAA /* Products */;
			projectDirPath = "";
			projectRoot = "";
			targets = (
				3DBD88FA2A2F563F003BEAAA /* WWD See */,
			);
		};
/* End PBXProject section */

/* Begin PBXResourcesBuildPhase section */
		3DBD88F92A2F563F003BEAAA /* Resources */ = {
			isa = PBXResourcesBuildPhase;
			buildActionMask = 2147483647;
			files = (
				3DBD89092A2F5640003BEAAA /* Preview Assets.xcassets in Resources */,
				3DBD89052A2F5640003BEAAA /* Assets.xcassets in Resources */,
			);
			runOnlyForDeploymentPostprocessing = 0;
		};
/* End PBXResourcesBuildPhase section */

/* Begin PBXSourcesBuildPhase section */
		3DBD88F72A2F563F003BEAAA /* Sources */ = {
			isa = PBXSourcesBuildPhase;
			buildActionMask = 2147483647;
			files = (
				3D538E3C2A2F7CBF006BF064 /* Category+Import.swift in Sources */,
				3D538E3F2A2F7D4A006BF064 /* VideoView.swift in Sources */,
				3DBD89012A2F563F003BEAAA /* Category.swift in Sources */,
				3D1556642A2F64F500FA966E /* Video.swift in Sources */,
				3DBD88FF2A2F563F003BEAAA /* WWDSeeApp.swift in Sources */,
				3DBD89032A2F563F003BEAAA /* RootView.swift in Sources */,
				3D538E372A2F7408006BF064 /* CategoryView.swift in Sources */,
			);
			runOnlyForDeploymentPostprocessing = 0;
		};
/* End PBXSourcesBuildPhase section */

/* Begin PBXTargetDependency section */
		3D538E3A2A2F779D006BF064 /* PBXTargetDependency */ = {
			isa = PBXTargetDependency;
			productRef = 3D538E392A2F779D006BF064 /* SwiftLintPlugin */;
		};
/* End PBXTargetDependency section */

/* Begin XCBuildConfiguration section */
		3DBD890B2A2F5640003BEAAA /* Debug */ = {
			isa = XCBuildConfiguration;
			buildSettings = {
				ALWAYS_SEARCH_USER_PATHS = NO;
				ASSETCATALOG_COMPILER_GENERATE_SWIFT_ASSET_SYMBOL_EXTENSIONS = YES;
				CLANG_ANALYZER_NONNULL = YES;
				CLANG_ANALYZER_NUMBER_OBJECT_CONVERSION = YES_AGGRESSIVE;
				CLANG_CXX_LANGUAGE_STANDARD = "gnu++20";
				CLANG_ENABLE_MODULES = YES;
				CLANG_ENABLE_OBJC_ARC = YES;
				CLANG_ENABLE_OBJC_WEAK = YES;
				CLANG_WARN_BLOCK_CAPTURE_AUTORELEASING = YES;
				CLANG_WARN_BOOL_CONVERSION = YES;
				CLANG_WARN_COMMA = YES;
				CLANG_WARN_CONSTANT_CONVERSION = YES;
				CLANG_WARN_DEPRECATED_OBJC_IMPLEMENTATIONS = YES;
				CLANG_WARN_DIRECT_OBJC_ISA_USAGE = YES_ERROR;
				CLANG_WARN_DOCUMENTATION_COMMENTS = YES;
				CLANG_WARN_EMPTY_BODY = YES;
				CLANG_WARN_ENUM_CONVERSION = YES;
				CLANG_WARN_INFINITE_RECURSION = YES;
				CLANG_WARN_INT_CONVERSION = YES;
				CLANG_WARN_NON_LITERAL_NULL_CONVERSION = YES;
				CLANG_WARN_OBJC_IMPLICIT_RETAIN_SELF = YES;
				CLANG_WARN_OBJC_LITERAL_CONVERSION = YES;
				CLANG_WARN_OBJC_ROOT_CLASS = YES_ERROR;
				CLANG_WARN_QUOTED_INCLUDE_IN_FRAMEWORK_HEADER = YES;
				CLANG_WARN_RANGE_LOOP_ANALYSIS = YES;
				CLANG_WARN_STRICT_PROTOTYPES = YES;
				CLANG_WARN_SUSPICIOUS_MOVE = YES;
				CLANG_WARN_UNGUARDED_AVAILABILITY = YES_AGGRESSIVE;
				CLANG_WARN_UNREACHABLE_CODE = YES;
				CLANG_WARN__DUPLICATE_METHOD_MATCH = YES;
				COPY_PHASE_STRIP = NO;
				DEBUG_INFORMATION_FORMAT = dwarf;
				ENABLE_STRICT_OBJC_MSGSEND = YES;
				ENABLE_TESTABILITY = YES;
				ENABLE_USER_SCRIPT_SANDBOXING = YES;
				GCC_C_LANGUAGE_STANDARD = gnu17;
				GCC_DYNAMIC_NO_PIC = NO;
				GCC_NO_COMMON_BLOCKS = YES;
				GCC_OPTIMIZATION_LEVEL = 0;
				GCC_PREPROCESSOR_DEFINITIONS = (
					"DEBUG=1",
					"$(inherited)",
				);
				GCC_WARN_64_TO_32_BIT_CONVERSION = YES;
				GCC_WARN_ABOUT_RETURN_TYPE = YES_ERROR;
				GCC_WARN_UNDECLARED_SELECTOR = YES;
				GCC_WARN_UNINITIALIZED_AUTOS = YES_AGGRESSIVE;
				GCC_WARN_UNUSED_FUNCTION = YES;
				GCC_WARN_UNUSED_VARIABLE = YES;
				LOCALIZATION_PREFERS_STRING_CATALOGS = YES;
				MTL_ENABLE_DEBUG_INFO = INCLUDE_SOURCE;
				MTL_FAST_MATH = YES;
				ONLY_ACTIVE_ARCH = YES;
				SWIFT_ACTIVE_COMPILATION_CONDITIONS = "DEBUG $(inherited)";
				SWIFT_OPTIMIZATION_LEVEL = "-Onone";
			};
			name = Debug;
		};
		3DBD890C2A2F5640003BEAAA /* Release */ = {
			isa = XCBuildConfiguration;
			buildSettings = {
				ALWAYS_SEARCH_USER_PATHS = NO;
				ASSETCATALOG_COMPILER_GENERATE_SWIFT_ASSET_SYMBOL_EXTENSIONS = YES;
				CLANG_ANALYZER_NONNULL = YES;
				CLANG_ANALYZER_NUMBER_OBJECT_CONVERSION = YES_AGGRESSIVE;
				CLANG_CXX_LANGUAGE_STANDARD = "gnu++20";
				CLANG_ENABLE_MODULES = YES;
				CLANG_ENABLE_OBJC_ARC = YES;
				CLANG_ENABLE_OBJC_WEAK = YES;
				CLANG_WARN_BLOCK_CAPTURE_AUTORELEASING = YES;
				CLANG_WARN_BOOL_CONVERSION = YES;
				CLANG_WARN_COMMA = YES;
				CLANG_WARN_CONSTANT_CONVERSION = YES;
				CLANG_WARN_DEPRECATED_OBJC_IMPLEMENTATIONS = YES;
				CLANG_WARN_DIRECT_OBJC_ISA_USAGE = YES_ERROR;
				CLANG_WARN_DOCUMENTATION_COMMENTS = YES;
				CLANG_WARN_EMPTY_BODY = YES;
				CLANG_WARN_ENUM_CONVERSION = YES;
				CLANG_WARN_INFINITE_RECURSION = YES;
				CLANG_WARN_INT_CONVERSION = YES;
				CLANG_WARN_NON_LITERAL_NULL_CONVERSION = YES;
				CLANG_WARN_OBJC_IMPLICIT_RETAIN_SELF = YES;
				CLANG_WARN_OBJC_LITERAL_CONVERSION = YES;
				CLANG_WARN_OBJC_ROOT_CLASS = YES_ERROR;
				CLANG_WARN_QUOTED_INCLUDE_IN_FRAMEWORK_HEADER = YES;
				CLANG_WARN_RANGE_LOOP_ANALYSIS = YES;
				CLANG_WARN_STRICT_PROTOTYPES = YES;
				CLANG_WARN_SUSPICIOUS_MOVE = YES;
				CLANG_WARN_UNGUARDED_AVAILABILITY = YES_AGGRESSIVE;
				CLANG_WARN_UNREACHABLE_CODE = YES;
				CLANG_WARN__DUPLICATE_METHOD_MATCH = YES;
				COPY_PHASE_STRIP = NO;
				DEBUG_INFORMATION_FORMAT = "dwarf-with-dsym";
				ENABLE_NS_ASSERTIONS = NO;
				ENABLE_STRICT_OBJC_MSGSEND = YES;
				ENABLE_USER_SCRIPT_SANDBOXING = YES;
				GCC_C_LANGUAGE_STANDARD = gnu17;
				GCC_NO_COMMON_BLOCKS = YES;
				GCC_WARN_64_TO_32_BIT_CONVERSION = YES;
				GCC_WARN_ABOUT_RETURN_TYPE = YES_ERROR;
				GCC_WARN_UNDECLARED_SELECTOR = YES;
				GCC_WARN_UNINITIALIZED_AUTOS = YES_AGGRESSIVE;
				GCC_WARN_UNUSED_FUNCTION = YES;
				GCC_WARN_UNUSED_VARIABLE = YES;
				LOCALIZATION_PREFERS_STRING_CATALOGS = YES;
				MTL_ENABLE_DEBUG_INFO = NO;
				MTL_FAST_MATH = YES;
				SWIFT_COMPILATION_MODE = wholemodule;
			};
			name = Release;
		};
		3DBD890E2A2F5640003BEAAA /* Debug */ = {
			isa = XCBuildConfiguration;
			buildSettings = {
				ASSETCATALOG_COMPILER_APPICON_NAME = AppIcon;
				ASSETCATALOG_COMPILER_GLOBAL_ACCENT_COLOR_NAME = AccentColor;
				CODE_SIGN_ENTITLEMENTS = "WWD See/Content/WWD_See.entitlements";
				CODE_SIGN_STYLE = Automatic;
				CURRENT_PROJECT_VERSION = 1;
				DEVELOPMENT_ASSET_PATHS = "\"WWD See/Preview Content\"";
				DEVELOPMENT_TEAM = 8NQ6VJNLCQ;
				ENABLE_HARDENED_RUNTIME = YES;
				ENABLE_PREVIEWS = YES;
				GENERATE_INFOPLIST_FILE = YES;
				INFOPLIST_FILE = "WWD See/Content/Info.plist";
				"INFOPLIST_KEY_UIApplicationSceneManifest_Generation[sdk=iphoneos*]" = YES;
				"INFOPLIST_KEY_UIApplicationSceneManifest_Generation[sdk=iphonesimulator*]" = YES;
				"INFOPLIST_KEY_UIApplicationSupportsIndirectInputEvents[sdk=iphoneos*]" = YES;
				"INFOPLIST_KEY_UIApplicationSupportsIndirectInputEvents[sdk=iphonesimulator*]" = YES;
				"INFOPLIST_KEY_UILaunchScreen_Generation[sdk=iphoneos*]" = YES;
				"INFOPLIST_KEY_UILaunchScreen_Generation[sdk=iphonesimulator*]" = YES;
				"INFOPLIST_KEY_UIStatusBarStyle[sdk=iphoneos*]" = UIStatusBarStyleDefault;
				"INFOPLIST_KEY_UIStatusBarStyle[sdk=iphonesimulator*]" = UIStatusBarStyleDefault;
				INFOPLIST_KEY_UISupportedInterfaceOrientations_iPad = "UIInterfaceOrientationPortrait UIInterfaceOrientationPortraitUpsideDown UIInterfaceOrientationLandscapeLeft UIInterfaceOrientationLandscapeRight";
				INFOPLIST_KEY_UISupportedInterfaceOrientations_iPhone = "UIInterfaceOrientationPortrait UIInterfaceOrientationLandscapeLeft UIInterfaceOrientationLandscapeRight";
				IPHONEOS_DEPLOYMENT_TARGET = 17.0;
				LD_RUNPATH_SEARCH_PATHS = "@executable_path/Frameworks";
				"LD_RUNPATH_SEARCH_PATHS[sdk=macosx*]" = "@executable_path/../Frameworks";
				MACOSX_DEPLOYMENT_TARGET = 13.4;
				MARKETING_VERSION = 1.0;
				PRODUCT_BUNDLE_IDENTIFIER = "com.atelierclockwork.WWD-See";
				PRODUCT_NAME = "$(TARGET_NAME)";
				SDKROOT = auto;
				SUPPORTED_PLATFORMS = "iphoneos iphonesimulator macosx";
				SWIFT_EMIT_LOC_STRINGS = YES;
				SWIFT_VERSION = 5.0;
				TARGETED_DEVICE_FAMILY = "1,2";
			};
			name = Debug;
		};
		3DBD890F2A2F5640003BEAAA /* Release */ = {
			isa = XCBuildConfiguration;
			buildSettings = {
				ASSETCATALOG_COMPILER_APPICON_NAME = AppIcon;
				ASSETCATALOG_COMPILER_GLOBAL_ACCENT_COLOR_NAME = AccentColor;
				CODE_SIGN_ENTITLEMENTS = "WWD See/Content/WWD_See.entitlements";
				CODE_SIGN_STYLE = Automatic;
				CURRENT_PROJECT_VERSION = 1;
				DEVELOPMENT_ASSET_PATHS = "\"WWD See/Preview Content\"";
				DEVELOPMENT_TEAM = 8NQ6VJNLCQ;
				ENABLE_HARDENED_RUNTIME = YES;
				ENABLE_PREVIEWS = YES;
				GENERATE_INFOPLIST_FILE = YES;
				INFOPLIST_FILE = "WWD See/Content/Info.plist";
				"INFOPLIST_KEY_UIApplicationSceneManifest_Generation[sdk=iphoneos*]" = YES;
				"INFOPLIST_KEY_UIApplicationSceneManifest_Generation[sdk=iphonesimulator*]" = YES;
				"INFOPLIST_KEY_UIApplicationSupportsIndirectInputEvents[sdk=iphoneos*]" = YES;
				"INFOPLIST_KEY_UIApplicationSupportsIndirectInputEvents[sdk=iphonesimulator*]" = YES;
				"INFOPLIST_KEY_UILaunchScreen_Generation[sdk=iphoneos*]" = YES;
				"INFOPLIST_KEY_UILaunchScreen_Generation[sdk=iphonesimulator*]" = YES;
				"INFOPLIST_KEY_UIStatusBarStyle[sdk=iphoneos*]" = UIStatusBarStyleDefault;
				"INFOPLIST_KEY_UIStatusBarStyle[sdk=iphonesimulator*]" = UIStatusBarStyleDefault;
				INFOPLIST_KEY_UISupportedInterfaceOrientations_iPad = "UIInterfaceOrientationPortrait UIInterfaceOrientationPortraitUpsideDown UIInterfaceOrientationLandscapeLeft UIInterfaceOrientationLandscapeRight";
				INFOPLIST_KEY_UISupportedInterfaceOrientations_iPhone = "UIInterfaceOrientationPortrait UIInterfaceOrientationLandscapeLeft UIInterfaceOrientationLandscapeRight";
				IPHONEOS_DEPLOYMENT_TARGET = 17.0;
				LD_RUNPATH_SEARCH_PATHS = "@executable_path/Frameworks";
				"LD_RUNPATH_SEARCH_PATHS[sdk=macosx*]" = "@executable_path/../Frameworks";
				MACOSX_DEPLOYMENT_TARGET = 13.4;
				MARKETING_VERSION = 1.0;
				PRODUCT_BUNDLE_IDENTIFIER = "com.atelierclockwork.WWD-See";
				PRODUCT_NAME = "$(TARGET_NAME)";
				SDKROOT = auto;
				SUPPORTED_PLATFORMS = "iphoneos iphonesimulator macosx";
				SWIFT_EMIT_LOC_STRINGS = YES;
				SWIFT_VERSION = 5.0;
				TARGETED_DEVICE_FAMILY = "1,2";
			};
			name = Release;
		};
/* End XCBuildConfiguration section */

/* Begin XCConfigurationList section */
		3DBD88F62A2F563F003BEAAA /* Build configuration list for PBXProject "WWD See" */ = {
			isa = XCConfigurationList;
			buildConfigurations = (
				3DBD890B2A2F5640003BEAAA /* Debug */,
				3DBD890C2A2F5640003BEAAA /* Release */,
			);
			defaultConfigurationIsVisible = 0;
			defaultConfigurationName = Release;
		};
		3DBD890D2A2F5640003BEAAA /* Build configuration list for PBXNativeTarget "WWD See" */ = {
			isa = XCConfigurationList;
			buildConfigurations = (
				3DBD890E2A2F5640003BEAAA /* Debug */,
				3DBD890F2A2F5640003BEAAA /* Release */,
			);
			defaultConfigurationIsVisible = 0;
			defaultConfigurationName = Release;
		};
/* End XCConfigurationList section */

/* Begin XCRemoteSwiftPackageReference section */
		3D538E382A2F778B006BF064 /* XCRemoteSwiftPackageReference "SwiftLint" */ = {
			isa = XCRemoteSwiftPackageReference;
			repositoryURL = "git@github.com:realm/SwiftLint.git";
			requirement = {
				kind = upToNextMajorVersion;
				minimumVersion = 0.52.2;
			};
		};
/* End XCRemoteSwiftPackageReference section */

/* Begin XCSwiftPackageProductDependency section */
		3D538E392A2F779D006BF064 /* SwiftLintPlugin */ = {
			isa = XCSwiftPackageProductDependency;
			package = 3D538E382A2F778B006BF064 /* XCRemoteSwiftPackageReference "SwiftLint" */;
			productName = "plugin:SwiftLintPlugin";
		};
/* End XCSwiftPackageProductDependency section */
	};
	rootObject = 3DBD88F32A2F563F003BEAAA /* Project object */;
}
